
Microsoft Visual Studio Solution File, Format Version 12.00
# Visual Studio Version 17
VisualStudioVersion = 17.0.32126.317
MinimumVisualStudioVersion = 10.0.40219.1
Project("{FAE04EC0-301F-11D3-BF4B-00C04F79EFBC}") = "домашка", "домашка\домашка.csproj", "{BEEF5313-E4BF-4891-ACA3-2B81F635BFA1}"
EndProject
Global
	GlobalSection(SolutionConfigurationPlatforms) = preSolution
		Debug|Any CPU = Debug|Any CPU
		Release|Any CPU = Release|Any CPU
	EndGlobalSection
	GlobalSection(ProjectConfigurationPlatforms) = postSolution
		{BEEF5313-E4BF-4891-ACA3-2B81F635BFA1}.Debug|Any CPU.ActiveCfg = Debug|Any CPU
		{BEEF5313-E4BF-4891-ACA3-2B81F635BFA1}.Debug|Any CPU.Build.0 = Debug|Any CPU
		{BEEF5313-E4BF-4891-ACA3-2B81F635BFA1}.Release|Any CPU.ActiveCfg = Release|Any CPU
		{BEEF5313-E4BF-4891-ACA3-2B81F635BFA1}.Release|Any CPU.Build.0 = Release|Any CPU
	EndGlobalSection
	GlobalSection(SolutionProperties) = preSolution
		HideSolutionNode = FALSE
	EndGlobalSection
	GlobalSection(ExtensibilityGlobals) = postSolution
		SolutionGuid = {3BA251AF-3399-404A-81C5-7B583901E7AC}
	EndGlobalSection
EndGlobal
